// !$*UTF8*$!
{
	archiveVersion = 1;
	classes = {
	};
	objectVersion = 77;
	objects = {

/* Begin PBXBuildFile section */
		FB0000000000000000000101 /* FBLPromises.xcframework in Frameworks */ = {isa = PBXBuildFile; fileRef = FB0000000000000000000011 /* FBLPromises.xcframework */; };
		FB0000000000000000000102 /* FirebaseAnalytics.xcframework in Frameworks */ = {isa = PBXBuildFile; fileRef = FB0000000000000000000012 /* FirebaseAnalytics.xcframework */; };
		FB0000000000000000000103 /* FirebaseCore.xcframework in Frameworks */ = {isa = PBXBuildFile; fileRef = FB0000000000000000000013 /* FirebaseCore.xcframework */; };
		FB0000000000000000000104 /* FirebaseCoreInternal.xcframework in Frameworks */ = {isa = PBXBuildFile; fileRef = FB0000000000000000000014 /* FirebaseCoreInternal.xcframework */; };
		FB0000000000000000000105 /* FirebaseInstallations.xcframework in Frameworks */ = {isa = PBXBuildFile; fileRef = FB0000000000000000000015 /* FirebaseInstallations.xcframework */; };
		FB0000000000000000000106 /* GoogleAdsOnDeviceConversion.xcframework in Frameworks */ = {isa = PBXBuildFile; fileRef = FB0000000000000000000016 /* GoogleAdsOnDeviceConversion.xcframework */; };
		FB0000000000000000000107 /* GoogleAppMeasurement.xcframework in Frameworks */ = {isa = PBXBuildFile; fileRef = FB0000000000000000000017 /* GoogleAppMeasurement.xcframework */; };
		FB0000000000000000000108 /* GoogleAppMeasurementIdentitySupport.xcframework in Frameworks */ = {isa = PBXBuildFile; fileRef = FB0000000000000000000018 /* GoogleAppMeasurementIdentitySupport.xcframework */; };
		FB0000000000000000000109 /* GoogleUtilities.xcframework in Frameworks */ = {isa = PBXBuildFile; fileRef = FB0000000000000000000019 /* GoogleUtilities.xcframework */; };
		FB000000000000000000010A /* nanopb.xcframework in Frameworks */ = {isa = PBXBuildFile; fileRef = FB000000000000000000001A /* nanopb.xcframework */; };
		FB000000000000000000010B /* FirebaseCoreExtension.xcframework in Frameworks */ = {isa = PBXBuildFile; fileRef = FB000000000000000000001B /* FirebaseCoreExtension.xcframework */; };
		FB000000000000000000010C /* FirebaseCrashlytics.xcframework in Frameworks */ = {isa = PBXBuildFile; fileRef = FB000000000000000000001C /* FirebaseCrashlytics.xcframework */; };
		FB000000000000000000010D /* FirebaseRemoteConfigInterop.xcframework in Frameworks */ = {isa = PBXBuildFile; fileRef = FB000000000000000000001D /* FirebaseRemoteConfigInterop.xcframework */; };
		FB000000000000000000010E /* FirebaseSessions.xcframework in Frameworks */ = {isa = PBXBuildFile; fileRef = FB000000000000000000001E /* FirebaseSessions.xcframework */; };
		FB000000000000000000010F /* GoogleDataTransport.xcframework in Frameworks */ = {isa = PBXBuildFile; fileRef = FB000000000000000000001F /* GoogleDataTransport.xcframework */; };
		FB0000000000000000000110 /* Promises.xcframework in Frameworks */ = {isa = PBXBuildFile; fileRef = FB0000000000000000000020 /* Promises.xcframework */; };
		FB0000000000000000000111 /* FirebaseAppCheckInterop.xcframework in Frameworks */ = {isa = PBXBuildFile; fileRef = FB0000000000000000000021 /* FirebaseAppCheckInterop.xcframework */; };
		FB0000000000000000000112 /* FirebaseFirestore.xcframework in Frameworks */ = {isa = PBXBuildFile; fileRef = FB0000000000000000000022 /* FirebaseFirestore.xcframework */; };
		FB0000000000000000000113 /* FirebaseFirestoreInternal.xcframework in Frameworks */ = {isa = PBXBuildFile; fileRef = FB0000000000000000000023 /* FirebaseFirestoreInternal.xcframework */; };
		FB0000000000000000000114 /* FirebaseSharedSwift.xcframework in Frameworks */ = {isa = PBXBuildFile; fileRef = FB0000000000000000000024 /* FirebaseSharedSwift.xcframework */; };
		FB0000000000000000000115 /* absl.xcframework in Frameworks */ = {isa = PBXBuildFile; fileRef = FB0000000000000000000025 /* absl.xcframework */; };
		FB0000000000000000000116 /* grpc.xcframework in Frameworks */ = {isa = PBXBuildFile; fileRef = FB0000000000000000000026 /* grpc.xcframework */; };
		FB0000000000000000000117 /* grpcpp.xcframework in Frameworks */ = {isa = PBXBuildFile; fileRef = FB0000000000000000000027 /* grpcpp.xcframework */; };
		FB0000000000000000000118 /* leveldb.xcframework in Frameworks */ = {isa = PBXBuildFile; fileRef = FB0000000000000000000028 /* leveldb.xcframework */; };
		FB0000000000000000000119 /* openssl_grpc.xcframework in Frameworks */ = {isa = PBXBuildFile; fileRef = FB0000000000000000000029 /* openssl_grpc.xcframework */; };
		FB0000000000000000000201 /* FBLPromises.xcframework in Embed Frameworks */ = {isa = PBXBuildFile; fileRef = FB0000000000000000000011 /* FBLPromises.xcframework */; settings = {ATTRIBUTES = (CodeSignOnCopy, RemoveHeadersOnCopy, ); }; };
		FB0000000000000000000202 /* FirebaseAnalytics.xcframework in Embed Frameworks */ = {isa = PBXBuildFile; fileRef = FB0000000000000000000012 /* FirebaseAnalytics.xcframework */; settings = {ATTRIBUTES = (CodeSignOnCopy, RemoveHeadersOnCopy, ); }; };
		FB0000000000000000000203 /* FirebaseCore.xcframework in Embed Frameworks */ = {isa = PBXBuildFile; fileRef = FB0000000000000000000013 /* FirebaseCore.xcframework */; settings = {ATTRIBUTES = (CodeSignOnCopy, RemoveHeadersOnCopy, ); }; };
		FB0000000000000000000204 /* FirebaseCoreInternal.xcframework in Embed Frameworks */ = {isa = PBXBuildFile; fileRef = FB0000000000000000000014 /* FirebaseCoreInternal.xcframework */; settings = {ATTRIBUTES = (CodeSignOnCopy, RemoveHeadersOnCopy, ); }; };
		FB0000000000000000000205 /* FirebaseInstallations.xcframework in Embed Frameworks */ = {isa = PBXBuildFile; fileRef = FB0000000000000000000015 /* FirebaseInstallations.xcframework */; settings = {ATTRIBUTES = (CodeSignOnCopy, RemoveHeadersOnCopy, ); }; };
		FB0000000000000000000206 /* GoogleAdsOnDeviceConversion.xcframework in Embed Frameworks */ = {isa = PBXBuildFile; fileRef = FB0000000000000000000016 /* GoogleAdsOnDeviceConversion.xcframework */; settings = {ATTRIBUTES = (CodeSignOnCopy, RemoveHeadersOnCopy, ); }; };
		FB0000000000000000000207 /* GoogleAppMeasurement.xcframework in Embed Frameworks */ = {isa = PBXBuildFile; fileRef = FB0000000000000000000017 /* GoogleAppMeasurement.xcframework */; settings = {ATTRIBUTES = (CodeSignOnCopy, RemoveHeadersOnCopy, ); }; };
		FB0000000000000000000208 /* GoogleAppMeasurementIdentitySupport.xcframework in Embed Frameworks */ = {isa = PBXBuildFile; fileRef = FB0000000000000000000018 /* GoogleAppMeasurementIdentitySupport.xcframework */; settings = {ATTRIBUTES = (CodeSignOnCopy, RemoveHeadersOnCopy, ); }; };
		FB0000000000000000000209 /* GoogleUtilities.xcframework in Embed Frameworks */ = {isa = PBXBuildFile; fileRef = FB0000000000000000000019 /* GoogleUtilities.xcframework */; settings = {ATTRIBUTES = (CodeSignOnCopy, RemoveHeadersOnCopy, ); }; };
		FB000000000000000000020A /* nanopb.xcframework in Embed Frameworks */ = {isa = PBXBuildFile; fileRef = FB000000000000000000001A /* nanopb.xcframework */; settings = {ATTRIBUTES = (CodeSignOnCopy, RemoveHeadersOnCopy, ); }; };
		FB000000000000000000020B /* FirebaseCoreExtension.xcframework in Embed Frameworks */ = {isa = PBXBuildFile; fileRef = FB000000000000000000001B /* FirebaseCoreExtension.xcframework */; settings = {ATTRIBUTES = (CodeSignOnCopy, RemoveHeadersOnCopy, ); }; };
		FB000000000000000000020C /* FirebaseCrashlytics.xcframework in Embed Frameworks */ = {isa = PBXBuildFile; fileRef = FB000000000000000000001C /* FirebaseCrashlytics.xcframework */; settings = {ATTRIBUTES = (CodeSignOnCopy, RemoveHeadersOnCopy, ); }; };
		FB000000000000000000020D /* FirebaseRemoteConfigInterop.xcframework in Embed Frameworks */ = {isa = PBXBuildFile; fileRef = FB000000000000000000001D /* FirebaseRemoteConfigInterop.xcframework */; settings = {ATTRIBUTES = (CodeSignOnCopy, RemoveHeadersOnCopy, ); }; };
		FB000000000000000000020E /* FirebaseSessions.xcframework in Embed Frameworks */ = {isa = PBXBuildFile; fileRef = FB000000000000000000001E /* FirebaseSessions.xcframework */; settings = {ATTRIBUTES = (CodeSignOnCopy, RemoveHeadersOnCopy, ); }; };
		FB000000000000000000020F /* GoogleDataTransport.xcframework in Embed Frameworks */ = {isa = PBXBuildFile; fileRef = FB000000000000000000001F /* GoogleDataTransport.xcframework */; settings = {ATTRIBUTES = (CodeSignOnCopy, RemoveHeadersOnCopy, ); }; };
		FB0000000000000000000210 /* Promises.xcframework in Embed Frameworks */ = {isa = PBXBuildFile; fileRef = FB0000000000000000000020 /* Promises.xcframework */; settings = {ATTRIBUTES = (CodeSignOnCopy, RemoveHeadersOnCopy, ); }; };
		FB0000000000000000000211 /* FirebaseAppCheckInterop.xcframework in Embed Frameworks */ = {isa = PBXBuildFile; fileRef = FB0000000000000000000021 /* FirebaseAppCheckInterop.xcframework */; settings = {ATTRIBUTES = (CodeSignOnCopy, RemoveHeadersOnCopy, ); }; };
		FB0000000000000000000212 /* FirebaseFirestore.xcframework in Embed Frameworks */ = {isa = PBXBuildFile; fileRef = FB0000000000000000000022 /* FirebaseFirestore.xcframework */; settings = {ATTRIBUTES = (CodeSignOnCopy, RemoveHeadersOnCopy, ); }; };
		FB0000000000000000000213 /* FirebaseFirestoreInternal.xcframework in Embed Frameworks */ = {isa = PBXBuildFile; fileRef = FB0000000000000000000023 /* FirebaseFirestoreInternal.xcframework */; settings = {ATTRIBUTES = (CodeSignOnCopy, RemoveHeadersOnCopy, ); }; };
		FB0000000000000000000214 /* FirebaseSharedSwift.xcframework in Embed Frameworks */ = {isa = PBXBuildFile; fileRef = FB0000000000000000000024 /* FirebaseSharedSwift.xcframework */; settings = {ATTRIBUTES = (CodeSignOnCopy, RemoveHeadersOnCopy, ); }; };
		FB0000000000000000000215 /* absl.xcframework in Embed Frameworks */ = {isa = PBXBuildFile; fileRef = FB0000000000000000000025 /* absl.xcframework */; settings = {ATTRIBUTES = (CodeSignOnCopy, RemoveHeadersOnCopy, ); }; };
		FB0000000000000000000216 /* grpc.xcframework in Embed Frameworks */ = {isa = PBXBuildFile; fileRef = FB0000000000000000000026 /* grpc.xcframework */; settings = {ATTRIBUTES = (CodeSignOnCopy, RemoveHeadersOnCopy, ); }; };
		FB0000000000000000000217 /* grpcpp.xcframework in Embed Frameworks */ = {isa = PBXBuildFile; fileRef = FB0000000000000000000027 /* grpcpp.xcframework */; settings = {ATTRIBUTES = (CodeSignOnCopy, RemoveHeadersOnCopy, ); }; };
		FB0000000000000000000218 /* leveldb.xcframework in Embed Frameworks */ = {isa = PBXBuildFile; fileRef = FB0000000000000000000028 /* leveldb.xcframework */; settings = {ATTRIBUTES = (CodeSignOnCopy, RemoveHeadersOnCopy, ); }; };
		FB0000000000000000000219 /* openssl_grpc.xcframework in Embed Frameworks */ = {isa = PBXBuildFile; fileRef = FB0000000000000000000029 /* openssl_grpc.xcframework */; settings = {ATTRIBUTES = (CodeSignOnCopy, RemoveHeadersOnCopy, ); }; };
/* End PBXBuildFile section */

/* Begin PBXCopyFilesBuildPhase section */
		FB0000000000000000000002 /* Embed Frameworks */ = {
			isa = PBXCopyFilesBuildPhase;
			buildActionMask = 2147483647;
			dstPath = "";
			dstSubfolderSpec = 10;
			files = (
				FB0000000000000000000201 /* FBLPromises.xcframework in Embed Frameworks */,
				FB0000000000000000000202 /* FirebaseAnalytics.xcframework in Embed Frameworks */,
				FB0000000000000000000203 /* FirebaseCore.xcframework in Embed Frameworks */,
				FB0000000000000000000204 /* FirebaseCoreInternal.xcframework in Embed Frameworks */,
				FB0000000000000000000205 /* FirebaseInstallations.xcframework in Embed Frameworks */,
				FB0000000000000000000206 /* GoogleAdsOnDeviceConversion.xcframework in Embed Frameworks */,
				FB0000000000000000000207 /* GoogleAppMeasurement.xcframework in Embed Frameworks */,
				FB0000000000000000000208 /* GoogleAppMeasurementIdentitySupport.xcframework in Embed Frameworks */,
				FB0000000000000000000209 /* GoogleUtilities.xcframework in Embed Frameworks */,
				FB000000000000000000020A /* nanopb.xcframework in Embed Frameworks */,
				FB000000000000000000020B /* FirebaseCoreExtension.xcframework in Embed Frameworks */,
				FB000000000000000000020C /* FirebaseCrashlytics.xcframework in Embed Frameworks */,
				FB000000000000000000020D /* FirebaseRemoteConfigInterop.xcframework in Embed Frameworks */,
				FB000000000000000000020E /* FirebaseSessions.xcframework in Embed Frameworks */,
				FB000000000000000000020F /* GoogleDataTransport.xcframework in Embed Frameworks */,
				FB0000000000000000000210 /* Promises.xcframework in Embed Frameworks */,
				FB0000000000000000000211 /* FirebaseAppCheckInterop.xcframework in Embed Frameworks */,
				FB0000000000000000000212 /* FirebaseFirestore.xcframework in Embed Frameworks */,
				FB0000000000000000000213 /* FirebaseFirestoreInternal.xcframework in Embed Frameworks */,
				FB0000000000000000000214 /* FirebaseSharedSwift.xcframework in Embed Frameworks */,
				FB0000000000000000000215 /* absl.xcframework in Embed Frameworks */,
				FB0000000000000000000216 /* grpc.xcframework in Embed Frameworks */,
				FB0000000000000000000217 /* grpcpp.xcframework in Embed Frameworks */,
				FB0000000000000000000218 /* leveldb.xcframework in Embed Frameworks */,
				FB0000000000000000000219 /* openssl_grpc.xcframework in Embed Frameworks */,
			);
			name = "Embed Frameworks";
			runOnlyForDeploymentPostprocessing = 0;
		};
/* End PBXCopyFilesBuildPhase section */

/* Begin PBXFileReference section */
		68DAB6C0C1FA5A7AB161FDE2 /* OnthecrowVPN.app */ = {isa = PBXFileReference; explicitFileType = wrapper.application; includeInIndex = 0; path = OnthecrowVPN.app; sourceTree = BUILT_PRODUCTS_DIR; };
		FB0000000000000000000011 /* FBLPromises.xcframework */ = {isa = PBXFileReference; lastKnownFileType = wrapper.xcframework; name = FBLPromises.xcframework; path = ../libs/FirebaseAnalytics/FBLPromises.xcframework; sourceTree = SOURCE_ROOT; };
		FB0000000000000000000012 /* FirebaseAnalytics.xcframework */ = {isa = PBXFileReference; lastKnownFileType = wrapper.xcframework; name = FirebaseAnalytics.xcframework; path = ../libs/FirebaseAnalytics/FirebaseAnalytics.xcframework; sourceTree = SOURCE_ROOT; };
		FB0000000000000000000013 /* FirebaseCore.xcframework */ = {isa = PBXFileReference; lastKnownFileType = wrapper.xcframework; name = FirebaseCore.xcframework; path = ../libs/FirebaseAnalytics/FirebaseCore.xcframework; sourceTree = SOURCE_ROOT; };
		FB0000000000000000000014 /* FirebaseCoreInternal.xcframework */ = {isa = PBXFileReference; lastKnownFileType = wrapper.xcframework; name = FirebaseCoreInternal.xcframework; path = ../libs/FirebaseAnalytics/FirebaseCoreInternal.xcframework; sourceTree = SOURCE_ROOT; };
		FB0000000000000000000015 /* FirebaseInstallations.xcframework */ = {isa = PBXFileReference; lastKnownFileType = wrapper.xcframework; name = FirebaseInstallations.xcframework; path = ../libs/FirebaseAnalytics/FirebaseInstallations.xcframework; sourceTree = SOURCE_ROOT; };
		FB0000000000000000000016 /* GoogleAdsOnDeviceConversion.xcframework */ = {isa = PBXFileReference; lastKnownFileType = wrapper.xcframework; name = GoogleAdsOnDeviceConversion.xcframework; path = ../libs/FirebaseAnalytics/GoogleAdsOnDeviceConversion.xcframework; sourceTree = SOURCE_ROOT; };
		FB0000000000000000000017 /* GoogleAppMeasurement.xcframework */ = {isa = PBXFileReference; lastKnownFileType = wrapper.xcframework; name = GoogleAppMeasurement.xcframework; path = ../libs/FirebaseAnalytics/GoogleAppMeasurement.xcframework; sourceTree = SOURCE_ROOT; };
		FB0000000000000000000018 /* GoogleAppMeasurementIdentitySupport.xcframework */ = {isa = PBXFileReference; lastKnownFileType = wrapper.xcframework; name = GoogleAppMeasurementIdentitySupport.xcframework; path = ../libs/FirebaseAnalytics/GoogleAppMeasurementIdentitySupport.xcframework; sourceTree = SOURCE_ROOT; };
		FB0000000000000000000019 /* GoogleUtilities.xcframework */ = {isa = PBXFileReference; lastKnownFileType = wrapper.xcframework; name = GoogleUtilities.xcframework; path = ../libs/FirebaseAnalytics/GoogleUtilities.xcframework; sourceTree = SOURCE_ROOT; };
		FB000000000000000000001A /* nanopb.xcframework */ = {isa = PBXFileReference; lastKnownFileType = wrapper.xcframework; name = nanopb.xcframework; path = ../libs/FirebaseAnalytics/nanopb.xcframework; sourceTree = SOURCE_ROOT; };
		FB000000000000000000001B /* FirebaseCoreExtension.xcframework */ = {isa = PBXFileReference; lastKnownFileType = wrapper.xcframework; name = FirebaseCoreExtension.xcframework; path = ../libs/FirebaseCrashlytics/FirebaseCoreExtension.xcframework; sourceTree = SOURCE_ROOT; };
		FB000000000000000000001C /* FirebaseCrashlytics.xcframework */ = {isa = PBXFileReference; lastKnownFileType = wrapper.xcframework; name = FirebaseCrashlytics.xcframework; path = ../libs/FirebaseCrashlytics/FirebaseCrashlytics.xcframework; sourceTree = SOURCE_ROOT; };
		FB000000000000000000001D /* FirebaseRemoteConfigInterop.xcframework */ = {isa = PBXFileReference; lastKnownFileType = wrapper.xcframework; name = FirebaseRemoteConfigInterop.xcframework; path = ../libs/FirebaseCrashlytics/FirebaseRemoteConfigInterop.xcframework; sourceTree = SOURCE_ROOT; };
		FB000000000000000000001E /* FirebaseSessions.xcframework */ = {isa = PBXFileReference; lastKnownFileType = wrapper.xcframework; name = FirebaseSessions.xcframework; path = ../libs/FirebaseCrashlytics/FirebaseSessions.xcframework; sourceTree = SOURCE_ROOT; };
		FB000000000000000000001F /* GoogleDataTransport.xcframework */ = {isa = PBXFileReference; lastKnownFileType = wrapper.xcframework; name = GoogleDataTransport.xcframework; path = ../libs/FirebaseCrashlytics/GoogleDataTransport.xcframework; sourceTree = SOURCE_ROOT; };
		FB0000000000000000000020 /* Promises.xcframework */ = {isa = PBXFileReference; lastKnownFileType = wrapper.xcframework; name = Promises.xcframework; path = ../libs/FirebaseCrashlytics/Promises.xcframework; sourceTree = SOURCE_ROOT; };
		FB0000000000000000000021 /* FirebaseAppCheckInterop.xcframework */ = {isa = PBXFileReference; lastKnownFileType = wrapper.xcframework; name = FirebaseAppCheckInterop.xcframework; path = ../libs/FirebaseFirestore/FirebaseAppCheckInterop.xcframework; sourceTree = SOURCE_ROOT; };
		FB0000000000000000000022 /* FirebaseFirestore.xcframework */ = {isa = PBXFileReference; lastKnownFileType = wrapper.xcframework; name = FirebaseFirestore.xcframework; path = ../libs/FirebaseFirestore/FirebaseFirestore.xcframework; sourceTree = SOURCE_ROOT; };
		FB0000000000000000000023 /* FirebaseFirestoreInternal.xcframework */ = {isa = PBXFileReference; lastKnownFileType = wrapper.xcframework; name = FirebaseFirestoreInternal.xcframework; path = ../libs/FirebaseFirestore/FirebaseFirestoreInternal.xcframework; sourceTree = SOURCE_ROOT; };
		FB0000000000000000000024 /* FirebaseSharedSwift.xcframework */ = {isa = PBXFileReference; lastKnownFileType = wrapper.xcframework; name = FirebaseSharedSwift.xcframework; path = ../libs/FirebaseFirestore/FirebaseSharedSwift.xcframework; sourceTree = SOURCE_ROOT; };
		FB0000000000000000000025 /* absl.xcframework */ = {isa = PBXFileReference; lastKnownFileType = wrapper.xcframework; name = absl.xcframework; path = ../libs/FirebaseFirestore/absl.xcframework; sourceTree = SOURCE_ROOT; };
		FB0000000000000000000026 /* grpc.xcframework */ = {isa = PBXFileReference; lastKnownFileType = wrapper.xcframework; name = grpc.xcframework; path = ../libs/FirebaseFirestore/grpc.xcframework; sourceTree = SOURCE_ROOT; };
		FB0000000000000000000027 /* grpcpp.xcframework */ = {isa = PBXFileReference; lastKnownFileType = wrapper.xcframework; name = grpcpp.xcframework; path = ../libs/FirebaseFirestore/grpcpp.xcframework; sourceTree = SOURCE_ROOT; };
		FB0000000000000000000028 /* leveldb.xcframework */ = {isa = PBXFileReference; lastKnownFileType = wrapper.xcframework; name = leveldb.xcframework; path = ../libs/FirebaseFirestore/leveldb.xcframework; sourceTree = SOURCE_ROOT; };
		FB0000000000000000000029 /* openssl_grpc.xcframework */ = {isa = PBXFileReference; lastKnownFileType = wrapper.xcframework; name = openssl_grpc.xcframework; path = ../libs/FirebaseFirestore/openssl_grpc.xcframework; sourceTree = SOURCE_ROOT; };
/* End PBXFileReference section */

/* Begin PBXFileSystemSynchronizedBuildFileExceptionSet section */
		5EB97FBE27BB99DF529354B5 /* Exceptions for "iosApp" folder in "iosApp" target */ = {
			isa = PBXFileSystemSynchronizedBuildFileExceptionSet;
			membershipExceptions = (
				Info.plist,
			);
			target = 659FA54F35B390278A13BBDB /* iosApp */;
		};
/* End PBXFileSystemSynchronizedBuildFileExceptionSet section */

/* Begin PBXFileSystemSynchronizedRootGroup section */
		9C39F4F4C20CCA3E09E9CAE6 /* iosApp */ = {
			isa = PBXFileSystemSynchronizedRootGroup;
			exceptions = (
				5EB97FBE27BB99DF529354B5 /* Exceptions for "iosApp" folder in "iosApp" target */,
			);
			path = iosApp;
			sourceTree = "<group>";
		};
		C351BE788214FCAB53AD7415 /* Configuration */ = {
			isa = PBXFileSystemSynchronizedRootGroup;
			path = Configuration;
			sourceTree = "<group>";
		};
/* End PBXFileSystemSynchronizedRootGroup section */

/* Begin PBXFrameworksBuildPhase section */
		ECC7C8F0AD872CE76DEEA35C /* Frameworks */ = {
			isa = PBXFrameworksBuildPhase;
			buildActionMask = 2147483647;
			files = (
				FB0000000000000000000101 /* FBLPromises.xcframework in Frameworks */,
				FB0000000000000000000102 /* FirebaseAnalytics.xcframework in Frameworks */,
				FB0000000000000000000103 /* FirebaseCore.xcframework in Frameworks */,
				FB0000000000000000000104 /* FirebaseCoreInternal.xcframework in Frameworks */,
				FB0000000000000000000105 /* FirebaseInstallations.xcframework in Frameworks */,
				FB0000000000000000000106 /* GoogleAdsOnDeviceConversion.xcframework in Frameworks */,
				FB0000000000000000000107 /* GoogleAppMeasurement.xcframework in Frameworks */,
				FB0000000000000000000108 /* GoogleAppMeasurementIdentitySupport.xcframework in Frameworks */,
				FB0000000000000000000109 /* GoogleUtilities.xcframework in Frameworks */,
				FB000000000000000000010A /* nanopb.xcframework in Frameworks */,
				FB000000000000000000010B /* FirebaseCoreExtension.xcframework in Frameworks */,
				FB000000000000000000010C /* FirebaseCrashlytics.xcframework in Frameworks */,
				FB000000000000000000010D /* FirebaseRemoteConfigInterop.xcframework in Frameworks */,
				FB000000000000000000010E /* FirebaseSessions.xcframework in Frameworks */,
				FB000000000000000000010F /* GoogleDataTransport.xcframework in Frameworks */,
				FB0000000000000000000110 /* Promises.xcframework in Frameworks */,
				FB0000000000000000000111 /* FirebaseAppCheckInterop.xcframework in Frameworks */,
				FB0000000000000000000112 /* FirebaseFirestore.xcframework in Frameworks */,
				FB0000000000000000000113 /* FirebaseFirestoreInternal.xcframework in Frameworks */,
				FB0000000000000000000114 /* FirebaseSharedSwift.xcframework in Frameworks */,
				FB0000000000000000000115 /* absl.xcframework in Frameworks */,
				FB0000000000000000000116 /* grpc.xcframework in Frameworks */,
				FB0000000000000000000117 /* grpcpp.xcframework in Frameworks */,
				FB0000000000000000000118 /* leveldb.xcframework in Frameworks */,
				FB0000000000000000000119 /* openssl_grpc.xcframework in Frameworks */,
			);
			runOnlyForDeploymentPostprocessing = 0;
		};
/* End PBXFrameworksBuildPhase section */

/* Begin PBXGroup section */
		E8D8C17EF5D9E989C478FC5B = {
			isa = PBXGroup;
			children = (
				C351BE788214FCAB53AD7415 /* Configuration */,
				9C39F4F4C20CCA3E09E9CAE6 /* iosApp */,
				FB0000000000000000000001 /* Firebase */,
				02F940A3DC63A91D0CEF2792 /* Products */,
			);
			sourceTree = "<group>";
		};
		02F940A3DC63A91D0CEF2792 /* Products */ = {
			isa = PBXGroup;
			children = (
				68DAB6C0C1FA5A7AB161FDE2 /* OnthecrowVPN.app */,
			);
			name = Products;
			sourceTree = "<group>";
		};
		FB0000000000000000000001 /* Firebase */ = {
			isa = PBXGroup;
			children = (
				FB0000000000000000000011 /* FBLPromises.xcframework */,
				FB0000000000000000000012 /* FirebaseAnalytics.xcframework */,
				FB0000000000000000000013 /* FirebaseCore.xcframework */,
				FB0000000000000000000014 /* FirebaseCoreInternal.xcframework */,
				FB0000000000000000000015 /* FirebaseInstallations.xcframework */,
				FB0000000000000000000016 /* GoogleAdsOnDeviceConversion.xcframework */,
				FB0000000000000000000017 /* GoogleAppMeasurement.xcframework */,
				FB0000000000000000000018 /* GoogleAppMeasurementIdentitySupport.xcframework */,
				FB0000000000000000000019 /* GoogleUtilities.xcframework */,
				FB000000000000000000001A /* nanopb.xcframework */,
				FB000000000000000000001B /* FirebaseCoreExtension.xcframework */,
				FB000000000000000000001C /* FirebaseCrashlytics.xcframework */,
				FB000000000000000000001D /* FirebaseRemoteConfigInterop.xcframework */,
				FB000000000000000000001E /* FirebaseSessions.xcframework */,
				FB000000000000000000001F /* GoogleDataTransport.xcframework */,
				FB0000000000000000000020 /* Promises.xcframework */,
				FB0000000000000000000021 /* FirebaseAppCheckInterop.xcframework */,
				FB0000000000000000000022 /* FirebaseFirestore.xcframework */,
				FB0000000000000000000023 /* FirebaseFirestoreInternal.xcframework */,
				FB0000000000000000000024 /* FirebaseSharedSwift.xcframework */,
				FB0000000000000000000025 /* absl.xcframework */,
				FB0000000000000000000026 /* grpc.xcframework */,
				FB0000000000000000000027 /* grpcpp.xcframework */,
				FB0000000000000000000028 /* leveldb.xcframework */,
				FB0000000000000000000029 /* openssl_grpc.xcframework */,
			);
			name = Firebase;
			sourceTree = "<group>";
		};
/* End PBXGroup section */

/* Begin PBXNativeTarget section */
		659FA54F35B390278A13BBDB /* iosApp */ = {
			isa = PBXNativeTarget;
			buildConfigurationList = 6D2DD2E0641644ACE5AE2E16 /* Build configuration list for PBXNativeTarget "iosApp" */;
			buildPhases = (
				13A9974A58782A00C296E183 /* Compile Kotlin Framework */,
				FB0000000000000000000003 /* Copy Firebase Config */,
				CBEC4B7B84722D9041489F73 /* Sources */,
				ECC7C8F0AD872CE76DEEA35C /* Frameworks */,
				FB0000000000000000000002 /* Embed Frameworks */,
				3C48B559043B2C63DA99CDB1 /* Resources */,
			);
			buildRules = (
			);
			dependencies = (
			);
			fileSystemSynchronizedGroups = (
				9C39F4F4C20CCA3E09E9CAE6 /* iosApp */,
			);
			name = iosApp;
			packageProductDependencies = (
			);
			productName = iosApp;
			productReference = 68DAB6C0C1FA5A7AB161FDE2 /* OnthecrowVPN.app */;
			productType = "com.apple.product-type.application";
		};
/* End PBXNativeTarget section */

/* Begin PBXProject section */
		BC9629E691D9F4A4A3880B54 /* Project object */ = {
			isa = PBXProject;
			attributes = {
				BuildIndependentTargetsInParallel = 1;
				LastSwiftUpdateCheck = 1620;
				LastUpgradeCheck = 1620;
				TargetAttributes = {
					659FA54F35B390278A13BBDB = {
						CreatedOnToolsVersion = 16.2;
					};
				};
			};
			buildConfigurationList = 12F0ED907F6D981B58D09A9F /* Build configuration list for PBXProject "iosApp" */;
			developmentRegion = en;
			hasScannedForEncodings = 0;
			knownRegions = (
				en,
				Base,
			);
			mainGroup = E8D8C17EF5D9E989C478FC5B;
			minimizedProjectReferenceProxies = 1;
			preferredProjectObjectVersion = 77;
			productRefGroup = 02F940A3DC63A91D0CEF2792 /* Products */;
			projectDirPath = "";
			projectRoot = "";
			targets = (
				659FA54F35B390278A13BBDB /* iosApp */,
			);
		};
/* End PBXProject section */

/* Begin PBXResourcesBuildPhase section */
		3C48B559043B2C63DA99CDB1 /* Resources */ = {
			isa = PBXResourcesBuildPhase;
			buildActionMask = 2147483647;
			files = (
			);
			runOnlyForDeploymentPostprocessing = 0;
		};
/* End PBXResourcesBuildPhase section */

/* Begin PBXShellScriptBuildPhase section */
		FB0000000000000000000003 /* Copy Firebase Config */ = {
			isa = PBXShellScriptBuildPhase;
			buildActionMask = 2147483647;
			files = (
			);
			inputFileListPaths = (
			);
			inputPaths = (
			);
			name = "Copy Firebase Config";
			outputFileListPaths = (
			);
			outputPaths = (
			);
			runOnlyForDeploymentPostprocessing = 0;
			shellPath = /bin/sh;
			shellScript = "CONFIG_FILE=\"$SRCROOT/Configuration/GoogleService-Info-${CONFIGURATION}.plist\"\nDESTINATION=\"$TARGET_BUILD_DIR/$UNLOCALIZED_RESOURCES_FOLDER_PATH/GoogleService-Info.plist\"\n\nif [ -f \"$CONFIG_FILE\" ]; then\n  cp \"$CONFIG_FILE\" \"$DESTINATION\"\n  plutil -replace BUNDLE_ID -string \"$PRODUCT_BUNDLE_IDENTIFIER\" \"$DESTINATION\" || true\nelse\n  echo \"warning: Firebase config missing at $CONFIG_FILE. Firebase will be disabled for this build.\"\nfi\n";
		};
		13A9974A58782A00C296E183 /* Compile Kotlin Framework */ = {
			isa = PBXShellScriptBuildPhase;
			alwaysOutOfDate = 1;
			buildActionMask = 2147483647;
			files = (
			);
			inputFileListPaths = (
			);
			inputPaths = (
			);
			name = "Compile Kotlin Framework";
			outputFileListPaths = (
			);
			outputPaths = (
			);
			runOnlyForDeploymentPostprocessing = 0;
			shellPath = /bin/sh;
			shellScript = "if [ \"YES\" = \"$OVERRIDE_KOTLIN_BUILD_IDE_SUPPORTED\" ]; then\n  echo \"Skipping Gradle build task invocation due to OVERRIDE_KOTLIN_BUILD_IDE_SUPPORTED environment variable set to \\\"YES\\\"\"\n  exit 0\nfi\ncd \"$SRCROOT/..\"\n./gradlew :composeApp:embedAndSignAppleFrameworkForXcode\n";
		};
/* End PBXShellScriptBuildPhase section */

/* Begin PBXSourcesBuildPhase section */
		CBEC4B7B84722D9041489F73 /* Sources */ = {
			isa = PBXSourcesBuildPhase;
			buildActionMask = 2147483647;
			files = (
			);
			runOnlyForDeploymentPostprocessing = 0;
		};
/* End PBXSourcesBuildPhase section */

/* Begin XCBuildConfiguration section */
		B678728E28443DBE68930F5A /* Debug */ = {
			isa = XCBuildConfiguration;
			baseConfigurationReferenceAnchor = C351BE788214FCAB53AD7415 /* Configuration */;
			baseConfigurationReferenceRelativePath = Config.xcconfig;
			buildSettings = {
				ALWAYS_SEARCH_USER_PATHS = NO;
				ASSETCATALOG_COMPILER_GENERATE_SWIFT_ASSET_SYMBOL_EXTENSIONS = YES;
				CLANG_ANALYZER_NONNULL = YES;
				CLANG_ANALYZER_NUMBER_OBJECT_CONVERSION = YES_AGGRESSIVE;
				CLANG_CXX_LANGUAGE_STANDARD = "gnu++20";
				CLANG_ENABLE_MODULES = YES;
				CLANG_ENABLE_OBJC_ARC = YES;
				CLANG_ENABLE_OBJC_WEAK = YES;
				CLANG_WARN_BLOCK_CAPTURE_AUTORELEASING = YES;
				CLANG_WARN_BOOL_CONVERSION = YES;
				CLANG_WARN_COMMA = YES;
				CLANG_WARN_CONSTANT_CONVERSION = YES;
				CLANG_WARN_DEPRECATED_OBJC_IMPLEMENTATIONS = YES;
				CLANG_WARN_DIRECT_OBJC_ISA_USAGE = YES_ERROR;
				CLANG_WARN_DOCUMENTATION_COMMENTS = YES;
				CLANG_WARN_EMPTY_BODY = YES;
				CLANG_WARN_ENUM_CONVERSION = YES;
				CLANG_WARN_INFINITE_RECURSION = YES;
				CLANG_WARN_INT_CONVERSION = YES;
				CLANG_WARN_NON_LITERAL_NULL_CONVERSION = YES;
				CLANG_WARN_OBJC_IMPLICIT_RETAIN_SELF = YES;
				CLANG_WARN_OBJC_LITERAL_CONVERSION = YES;
				CLANG_WARN_OBJC_ROOT_CLASS = YES_ERROR;
				CLANG_WARN_QUOTED_INCLUDE_IN_FRAMEWORK_HEADER = YES;
				CLANG_WARN_RANGE_LOOP_ANALYSIS = YES;
				CLANG_WARN_STRICT_PROTOTYPES = YES;
				CLANG_WARN_SUSPICIOUS_MOVE = YES;
				CLANG_WARN_UNGUARDED_AVAILABILITY = YES_AGGRESSIVE;
				CLANG_WARN_UNREACHABLE_CODE = YES;
				CLANG_WARN__DUPLICATE_METHOD_MATCH = YES;
				COPY_PHASE_STRIP = NO;
				DEBUG_INFORMATION_FORMAT = dwarf;
				ENABLE_STRICT_OBJC_MSGSEND = YES;
				ENABLE_TESTABILITY = YES;
				ENABLE_USER_SCRIPT_SANDBOXING = NO;
				GCC_C_LANGUAGE_STANDARD = gnu17;
				GCC_DYNAMIC_NO_PIC = NO;
				GCC_NO_COMMON_BLOCKS = YES;
				GCC_OPTIMIZATION_LEVEL = 0;
				GCC_PREPROCESSOR_DEFINITIONS = (
					"DEBUG=1",
					"$(inherited)",
				);
				GCC_WARN_64_TO_32_BIT_CONVERSION = YES;
				GCC_WARN_ABOUT_RETURN_TYPE = YES_ERROR;
				GCC_WARN_UNDECLARED_SELECTOR = YES;
				GCC_WARN_UNINITIALIZED_AUTOS = YES_AGGRESSIVE;
				GCC_WARN_UNUSED_FUNCTION = YES;
				GCC_WARN_UNUSED_VARIABLE = YES;
				IPHONEOS_DEPLOYMENT_TARGET = 18.2;
				LOCALIZATION_PREFERS_STRING_CATALOGS = YES;
				MTL_ENABLE_DEBUG_INFO = INCLUDE_SOURCE;
				MTL_FAST_MATH = YES;
				ONLY_ACTIVE_ARCH = YES;
				OTHER_LDFLAGS = "\"$(OTHER_LDFLAGS) -ObjC\"";
				SDKROOT = iphoneos;
				SWIFT_ACTIVE_COMPILATION_CONDITIONS = "DEBUG $(inherited)";
				SWIFT_OPTIMIZATION_LEVEL = "-Onone";
			};
			name = Debug;
		};
		348BAD490A2789A755A8899F /* Release */ = {
			isa = XCBuildConfiguration;
			baseConfigurationReferenceAnchor = C351BE788214FCAB53AD7415 /* Configuration */;
			baseConfigurationReferenceRelativePath = Config.xcconfig;
			buildSettings = {
				ALWAYS_SEARCH_USER_PATHS = NO;
				ASSETCATALOG_COMPILER_GENERATE_SWIFT_ASSET_SYMBOL_EXTENSIONS = YES;
				CLANG_ANALYZER_NONNULL = YES;
				CLANG_ANALYZER_NUMBER_OBJECT_CONVERSION = YES_AGGRESSIVE;
				CLANG_CXX_LANGUAGE_STANDARD = "gnu++20";
				CLANG_ENABLE_MODULES = YES;
				CLANG_ENABLE_OBJC_ARC = YES;
				CLANG_ENABLE_OBJC_WEAK = YES;
				CLANG_WARN_BLOCK_CAPTURE_AUTORELEASING = YES;
				CLANG_WARN_BOOL_CONVERSION = YES;
				CLANG_WARN_COMMA = YES;
				CLANG_WARN_CONSTANT_CONVERSION = YES;
				CLANG_WARN_DEPRECATED_OBJC_IMPLEMENTATIONS = YES;
				CLANG_WARN_DIRECT_OBJC_ISA_USAGE = YES_ERROR;
				CLANG_WARN_DOCUMENTATION_COMMENTS = YES;
				CLANG_WARN_EMPTY_BODY = YES;
				CLANG_WARN_ENUM_CONVERSION = YES;
				CLANG_WARN_INFINITE_RECURSION = YES;
				CLANG_WARN_INT_CONVERSION = YES;
				CLANG_WARN_NON_LITERAL_NULL_CONVERSION = YES;
				CLANG_WARN_OBJC_IMPLICIT_RETAIN_SELF = YES;
				CLANG_WARN_OBJC_LITERAL_CONVERSION = YES;
				CLANG_WARN_OBJC_ROOT_CLASS = YES_ERROR;
				CLANG_WARN_QUOTED_INCLUDE_IN_FRAMEWORK_HEADER = YES;
				CLANG_WARN_RANGE_LOOP_ANALYSIS = YES;
				CLANG_WARN_STRICT_PROTOTYPES = YES;
				CLANG_WARN_SUSPICIOUS_MOVE = YES;
				CLANG_WARN_UNGUARDED_AVAILABILITY = YES_AGGRESSIVE;
				CLANG_WARN_UNREACHABLE_CODE = YES;
				CLANG_WARN__DUPLICATE_METHOD_MATCH = YES;
				COPY_PHASE_STRIP = NO;
				DEBUG_INFORMATION_FORMAT = "dwarf-with-dsym";
				ENABLE_NS_ASSERTIONS = NO;
				ENABLE_STRICT_OBJC_MSGSEND = YES;
				ENABLE_USER_SCRIPT_SANDBOXING = NO;
				GCC_C_LANGUAGE_STANDARD = gnu17;
				GCC_NO_COMMON_BLOCKS = YES;
				GCC_WARN_64_TO_32_BIT_CONVERSION = YES;
				GCC_WARN_ABOUT_RETURN_TYPE = YES_ERROR;
				GCC_WARN_UNDECLARED_SELECTOR = YES;
				GCC_WARN_UNINITIALIZED_AUTOS = YES_AGGRESSIVE;
				GCC_WARN_UNUSED_FUNCTION = YES;
				GCC_WARN_UNUSED_VARIABLE = YES;
				IPHONEOS_DEPLOYMENT_TARGET = 18.2;
				LOCALIZATION_PREFERS_STRING_CATALOGS = YES;
				MTL_ENABLE_DEBUG_INFO = NO;
				MTL_FAST_MATH = YES;
				OTHER_LDFLAGS = "\"$(OTHER_LDFLAGS) -ObjC\"";
				SDKROOT = iphoneos;
				SWIFT_COMPILATION_MODE = wholemodule;
				VALIDATE_PRODUCT = YES;
			};
			name = Release;
		};
		2E7BE0210B42C011E2C4291B /* Debug */ = {
			isa = XCBuildConfiguration;
			buildSettings = {
				ARCHS = arm64;
				ASSETCATALOG_COMPILER_APPICON_NAME = AppIcon;
				ASSETCATALOG_COMPILER_GLOBAL_ACCENT_COLOR_NAME = AccentColor;
				CODE_SIGN_IDENTITY = "Apple Development";
				CODE_SIGN_STYLE = Automatic;
				DEVELOPMENT_ASSET_PATHS = "\"iosApp/Preview Content\"";
				DEVELOPMENT_TEAM = "${TEAM_ID}";
				ENABLE_PREVIEWS = YES;
				GENERATE_INFOPLIST_FILE = YES;
				INFOPLIST_FILE = iosApp/Info.plist;
				INFOPLIST_KEY_UIApplicationSceneManifest_Generation = YES;
				INFOPLIST_KEY_UIApplicationSupportsIndirectInputEvents = YES;
				INFOPLIST_KEY_UILaunchScreen_Generation = YES;
				INFOPLIST_KEY_UISupportedInterfaceOrientations_iPad = "UIInterfaceOrientationPortrait UIInterfaceOrientationPortraitUpsideDown UIInterfaceOrientationLandscapeLeft UIInterfaceOrientationLandscapeRight";
				INFOPLIST_KEY_UISupportedInterfaceOrientations_iPhone = "UIInterfaceOrientationPortrait UIInterfaceOrientationLandscapeLeft UIInterfaceOrientationLandscapeRight";
				LD_RUNPATH_SEARCH_PATHS = (
					"$(inherited)",
					"@executable_path/Frameworks",
				);
				OTHER_LDFLAGS = (
					"-ObjC",
					"-lc++",
				);
				PRODUCT_BUNDLE_IDENTIFIER = com.onthecrow.onthecrowvpn.OnthecrowVPN.dev;
				SWIFT_EMIT_LOC_STRINGS = YES;
				SWIFT_VERSION = 5.0;
				TARGETED_DEVICE_FAMILY = "1,2";
			};
			name = Debug;
		};
		AF2C6C122E1BE2239BC0B66A /* Release */ = {
			isa = XCBuildConfiguration;
			buildSettings = {
				ARCHS = arm64;
				ASSETCATALOG_COMPILER_APPICON_NAME = AppIcon;
				ASSETCATALOG_COMPILER_GLOBAL_ACCENT_COLOR_NAME = AccentColor;
				CODE_SIGN_IDENTITY = "Apple Development";
				CODE_SIGN_STYLE = Automatic;
				DEVELOPMENT_ASSET_PATHS = "\"iosApp/Preview Content\"";
				DEVELOPMENT_TEAM = "${TEAM_ID}";
				ENABLE_PREVIEWS = YES;
				GENERATE_INFOPLIST_FILE = YES;
				INFOPLIST_FILE = iosApp/Info.plist;
				INFOPLIST_KEY_UIApplicationSceneManifest_Generation = YES;
				INFOPLIST_KEY_UIApplicationSupportsIndirectInputEvents = YES;
				INFOPLIST_KEY_UILaunchScreen_Generation = YES;
				INFOPLIST_KEY_UISupportedInterfaceOrientations_iPad = "UIInterfaceOrientationPortrait UIInterfaceOrientationPortraitUpsideDown UIInterfaceOrientationLandscapeLeft UIInterfaceOrientationLandscapeRight";
				INFOPLIST_KEY_UISupportedInterfaceOrientations_iPhone = "UIInterfaceOrientationPortrait UIInterfaceOrientationLandscapeLeft UIInterfaceOrientationLandscapeRight";
				LD_RUNPATH_SEARCH_PATHS = (
					"$(inherited)",
					"@executable_path/Frameworks",
				);
				OTHER_LDFLAGS = (
					"-ObjC",
					"-lc++",
				);
				PRODUCT_BUNDLE_IDENTIFIER = com.onthecrow.onthecrowvpn.OnthecrowVPN;
				SWIFT_EMIT_LOC_STRINGS = YES;
				SWIFT_VERSION = 5.0;
				TARGETED_DEVICE_FAMILY = "1,2";
			};
			name = Release;
		};
/* End XCBuildConfiguration section */

/* Begin XCConfigurationList section */
		12F0ED907F6D981B58D09A9F /* Build configuration list for PBXProject "iosApp" */ = {
			isa = XCConfigurationList;
			buildConfigurations = (
				B678728E28443DBE68930F5A /* Debug */,
				348BAD490A2789A755A8899F /* Release */,
			);
			defaultConfigurationIsVisible = 0;
			defaultConfigurationName = Release;
		};
		6D2DD2E0641644ACE5AE2E16 /* Build configuration list for PBXNativeTarget "iosApp" */ = {
			isa = XCConfigurationList;
			buildConfigurations = (
				2E7BE0210B42C011E2C4291B /* Debug */,
				AF2C6C122E1BE2239BC0B66A /* Release */,
			);
			defaultConfigurationIsVisible = 0;
			defaultConfigurationName = Release;
		};
/* End XCConfigurationList section */
	};
	rootObject = BC9629E691D9F4A4A3880B54 /* Project object */;
}
